
Microsoft Visual Studio Solution File, Format Version 12.00
# Visual Studio Version 16
VisualStudioVersion = 16.0.30225.117
MinimumVisualStudioVersion = 10.0.40219.1
Project("{FAE04EC0-301F-11D3-BF4B-00C04F79EFBC}") = "Valhalla Seer", "Valhalla Seer\Valhalla Seer.csproj", "{1F2B3BBE-F0DF-42D0-B5FB-11A2EB042A81}"
EndProject
Global
	GlobalSection(SolutionConfigurationPlatforms) = preSolution
		Debug|Any CPU = Debug|Any CPU
		Release|Any CPU = Release|Any CPU
	EndGlobalSection
	GlobalSection(ProjectConfigurationPlatforms) = postSolution
		{1F2B3BBE-F0DF-42D0-B5FB-11A2EB042A81}.Debug|Any CPU.ActiveCfg = Debug|Any CPU
		{1F2B3BBE-F0DF-42D0-B5FB-11A2EB042A81}.Debug|Any CPU.Build.0 = Debug|Any CPU
		{1F2B3BBE-F0DF-42D0-B5FB-11A2EB042A81}.Release|Any CPU.ActiveCfg = Release|Any CPU
		{1F2B3BBE-F0DF-42D0-B5FB-11A2EB042A81}.Release|Any CPU.Build.0 = Release|Any CPU
	EndGlobalSection
	GlobalSection(SolutionProperties) = preSolution
		HideSolutionNode = FALSE
	EndGlobalSection
	GlobalSection(ExtensibilityGlobals) = postSolution
		SolutionGuid = {D722BBD7-3997-4EB2-BF5D-D413ED63291E}
	EndGlobalSection
EndGlobal
